
Microsoft Visual Studio Solution File, Format Version 12.00
# Visual Studio Version 17
VisualStudioVersion = 17.4.33122.133
MinimumVisualStudioVersion = 10.0.40219.1
Project("{FAE04EC0-301F-11D3-BF4B-00C04F79EFBC}") = "RandomRelicPrices", "RandomRelicPrices\RandomRelicPrices.csproj", "{96EB381A-DF57-41FA-B96C-EBE1F026E3B8}"
EndProject
Project("{2150E333-8FDC-42A3-9474-1A3956D46DE8}") = "Solution Files", "Solution Files", "{03802720-48C6-4B8D-ACE0-603CCCE38586}"
	ProjectSection(SolutionItems) = preProject
		.github\workflows\build.yml = .github\workflows\build.yml
		.github\dependabot.yml = .github\dependabot.yml
		README.md = README.md
	EndProjectSection
EndProject
Global
	GlobalSection(SolutionConfigurationPlatforms) = preSolution
		Debug|Any CPU = Debug|Any CPU
		Release|Any CPU = Release|Any CPU
	EndGlobalSection
	GlobalSection(ProjectConfigurationPlatforms) = postSolution
		{96EB381A-DF57-41FA-B96C-EBE1F026E3B8}.Debug|Any CPU.ActiveCfg = Debug|Any CPU
		{96EB381A-DF57-41FA-B96C-EBE1F026E3B8}.Debug|Any CPU.Build.0 = Debug|Any CPU
		{96EB381A-DF57-41FA-B96C-EBE1F026E3B8}.Release|Any CPU.ActiveCfg = Release|Any CPU
		{96EB381A-DF57-41FA-B96C-EBE1F026E3B8}.Release|Any CPU.Build.0 = Release|Any CPU
	EndGlobalSection
	GlobalSection(SolutionProperties) = preSolution
		HideSolutionNode = FALSE
	EndGlobalSection
	GlobalSection(ExtensibilityGlobals) = postSolution
		SolutionGuid = {28D0E568-BF7C-4701-B6C0-97343B941CE8}
	EndGlobalSection
EndGlobal
